
Microsoft Visual Studio Solution File, Format Version 12.00
# Visual Studio 15
VisualStudioVersion = 15.0.27004.2005
MinimumVisualStudioVersion = 10.0.40219.1
Project("{FAE04EC0-301F-11D3-BF4B-00C04F79EFBC}") = "MindstormsRemote", "MindstormsRemote\MindstormsRemote.csproj", "{3F798FE4-FBE4-40A9-AE43-18410E35B111}"
EndProject
Global
	GlobalSection(SolutionConfigurationPlatforms) = preSolution
		Debug|Any CPU = Debug|Any CPU
		Release|Any CPU = Release|Any CPU
	EndGlobalSection
	GlobalSection(ProjectConfigurationPlatforms) = postSolution
		{3F798FE4-FBE4-40A9-AE43-18410E35B111}.Debug|Any CPU.ActiveCfg = Debug|Any CPU
		{3F798FE4-FBE4-40A9-AE43-18410E35B111}.Debug|Any CPU.Build.0 = Debug|Any CPU
		{3F798FE4-FBE4-40A9-AE43-18410E35B111}.Debug|Any CPU.Deploy.0 = Debug|Any CPU
		{3F798FE4-FBE4-40A9-AE43-18410E35B111}.Release|Any CPU.ActiveCfg = Release|Any CPU
		{3F798FE4-FBE4-40A9-AE43-18410E35B111}.Release|Any CPU.Build.0 = Release|Any CPU
		{3F798FE4-FBE4-40A9-AE43-18410E35B111}.Release|Any CPU.Deploy.0 = Release|Any CPU
	EndGlobalSection
	GlobalSection(SolutionProperties) = preSolution
		HideSolutionNode = FALSE
	EndGlobalSection
	GlobalSection(ExtensibilityGlobals) = postSolution
		SolutionGuid = {F595CD47-79D3-4EA1-B18A-009D810C5F76}
	EndGlobalSection
EndGlobal
